
Microsoft Visual Studio Solution File, Format Version 12.00
Project("{FAE04EC0-301F-11D3-BF4B-00C04F79EFBC}") = "AllergyScore", "AllergyScore\AllergyScore.csproj", "{DE28C80B-0917-4897-8243-8C3DB26898EB}"
EndProject
Project("{FAE04EC0-301F-11D3-BF4B-00C04F79EFBC}") = "AllergyScore.Tests", "AllergyScore.Tests\AllergyScore.Tests.csproj", "{F4B77CDC-180B-4EDF-BEA5-988F7176B6D0}"
EndProject
Global
	GlobalSection(SolutionConfigurationPlatforms) = preSolution
		Debug|Any CPU = Debug|Any CPU
		Release|Any CPU = Release|Any CPU
	EndGlobalSection
	GlobalSection(ProjectConfigurationPlatforms) = postSolution
		{DE28C80B-0917-4897-8243-8C3DB26898EB}.Debug|Any CPU.ActiveCfg = Debug|Any CPU
		{DE28C80B-0917-4897-8243-8C3DB26898EB}.Debug|Any CPU.Build.0 = Debug|Any CPU
		{DE28C80B-0917-4897-8243-8C3DB26898EB}.Release|Any CPU.ActiveCfg = Release|Any CPU
		{DE28C80B-0917-4897-8243-8C3DB26898EB}.Release|Any CPU.Build.0 = Release|Any CPU
		{F4B77CDC-180B-4EDF-BEA5-988F7176B6D0}.Debug|Any CPU.ActiveCfg = Debug|Any CPU
		{F4B77CDC-180B-4EDF-BEA5-988F7176B6D0}.Debug|Any CPU.Build.0 = Debug|Any CPU
		{F4B77CDC-180B-4EDF-BEA5-988F7176B6D0}.Release|Any CPU.ActiveCfg = Release|Any CPU
		{F4B77CDC-180B-4EDF-BEA5-988F7176B6D0}.Release|Any CPU.Build.0 = Release|Any CPU
	EndGlobalSection
EndGlobal
